
Microsoft Visual Studio Solution File, Format Version 12.00
# Visual Studio Version 16
VisualStudioVersion = 16.0.31729.503
MinimumVisualStudioVersion = 10.0.40219.1
Project("{9A19103F-16F7-4668-BE54-9A1E7A4F7556}") = "Kuvarpa", "Kuvarpa.csproj", "{81BC749C-9833-48B2-B0C5-EC3124A443B3}"
EndProject
Global
	GlobalSection(SolutionConfigurationPlatforms) = preSolution
		Debug|Any CPU = Debug|Any CPU
		Release|Any CPU = Release|Any CPU
	EndGlobalSection
	GlobalSection(ProjectConfigurationPlatforms) = postSolution
		{81BC749C-9833-48B2-B0C5-EC3124A443B3}.Debug|Any CPU.ActiveCfg = Debug|Any CPU
		{81BC749C-9833-48B2-B0C5-EC3124A443B3}.Debug|Any CPU.Build.0 = Debug|Any CPU
		{81BC749C-9833-48B2-B0C5-EC3124A443B3}.Release|Any CPU.ActiveCfg = Release|Any CPU
		{81BC749C-9833-48B2-B0C5-EC3124A443B3}.Release|Any CPU.Build.0 = Release|Any CPU
	EndGlobalSection
	GlobalSection(SolutionProperties) = preSolution
		HideSolutionNode = FALSE
	EndGlobalSection
	GlobalSection(ExtensibilityGlobals) = postSolution
		SolutionGuid = {2015596F-8D2C-4A5E-9BEB-8E7E7B4D220B}
	EndGlobalSection
EndGlobal
